
Microsoft Visual Studio Solution File, Format Version 12.00
# Visual Studio Version 17
VisualStudioVersion = 17.3.32811.315
MinimumVisualStudioVersion = 10.0.40219.1
Project("{FAE04EC0-301F-11D3-BF4B-00C04F79EFBC}") = "Activity 01", "Activity 01\Activity 01.csproj", "{F406C156-895C-43F1-8BF6-3B1778C583CF}"
EndProject
Global
	GlobalSection(SolutionConfigurationPlatforms) = preSolution
		Debug|Any CPU = Debug|Any CPU
		Release|Any CPU = Release|Any CPU
	EndGlobalSection
	GlobalSection(ProjectConfigurationPlatforms) = postSolution
		{F406C156-895C-43F1-8BF6-3B1778C583CF}.Debug|Any CPU.ActiveCfg = Debug|Any CPU
		{F406C156-895C-43F1-8BF6-3B1778C583CF}.Debug|Any CPU.Build.0 = Debug|Any CPU
		{F406C156-895C-43F1-8BF6-3B1778C583CF}.Release|Any CPU.ActiveCfg = Release|Any CPU
		{F406C156-895C-43F1-8BF6-3B1778C583CF}.Release|Any CPU.Build.0 = Release|Any CPU
	EndGlobalSection
	GlobalSection(SolutionProperties) = preSolution
		HideSolutionNode = FALSE
	EndGlobalSection
	GlobalSection(ExtensibilityGlobals) = postSolution
		SolutionGuid = {5274C975-2A17-4DAB-8774-328ADDBF7C5C}
	EndGlobalSection
EndGlobal
